// !$*UTF8*$!
{
	archiveVersion = 1;
	classes = {
	};
	objectVersion = 56;
	objects = {

/* Begin PBXBuildFile section */
		536D7CF729ECD195001FE9F9 /* ItemFrequency.swift in Sources */ = {isa = PBXBuildFile; fileRef = 536D7CF629ECD195001FE9F9 /* ItemFrequency.swift */; };
		536D7CFB29EDB2F1001FE9F9 /* MainView.swift in Sources */ = {isa = PBXBuildFile; fileRef = 536D7CFA29EDB2F1001FE9F9 /* MainView.swift */; };
		539E867829EDC75100782673 /* BudgetItemViewModel.swift in Sources */ = {isa = PBXBuildFile; fileRef = 539E867729EDC75100782673 /* BudgetItemViewModel.swift */; };
		539E867C29EDECA600782673 /* UpdateBudgetItemView.swift in Sources */ = {isa = PBXBuildFile; fileRef = 539E867B29EDECA600782673 /* UpdateBudgetItemView.swift */; };
		539E867F29EDF6C200782673 /* BudgetListService.swift in Sources */ = {isa = PBXBuildFile; fileRef = 539E867E29EDF6C200782673 /* BudgetListService.swift */; };
		53EFE81229EC8BE900ADA546 /* BudgetTrackerApp.swift in Sources */ = {isa = PBXBuildFile; fileRef = 53EFE81129EC8BE900ADA546 /* BudgetTrackerApp.swift */; };
		53EFE81629EC8BE900ADA546 /* Assets.xcassets in Resources */ = {isa = PBXBuildFile; fileRef = 53EFE81529EC8BE900ADA546 /* Assets.xcassets */; };
		53EFE81929EC8BE900ADA546 /* Preview Assets.xcassets in Resources */ = {isa = PBXBuildFile; fileRef = 53EFE81829EC8BE900ADA546 /* Preview Assets.xcassets */; };
		53EFE82329EC8BEA00ADA546 /* BudgetTrackerTests.swift in Sources */ = {isa = PBXBuildFile; fileRef = 53EFE82229EC8BEA00ADA546 /* BudgetTrackerTests.swift */; };
		53EFE82D29EC8BEA00ADA546 /* BudgetTrackerUITests.swift in Sources */ = {isa = PBXBuildFile; fileRef = 53EFE82C29EC8BEA00ADA546 /* BudgetTrackerUITests.swift */; };
		53EFE82F29EC8BEA00ADA546 /* BudgetTrackerUITestsLaunchTests.swift in Sources */ = {isa = PBXBuildFile; fileRef = 53EFE82E29EC8BEA00ADA546 /* BudgetTrackerUITestsLaunchTests.swift */; };
		53EFE83C29EC8C0500ADA546 /* BudgetItem.swift in Sources */ = {isa = PBXBuildFile; fileRef = 53EFE83B29EC8C0500ADA546 /* BudgetItem.swift */; };
		53EFE84029EC8C9100ADA546 /* ItemType.swift in Sources */ = {isa = PBXBuildFile; fileRef = 53EFE83F29EC8C9100ADA546 /* ItemType.swift */; };
		53EFE84629EC934700ADA546 /* BudgetItemView.swift in Sources */ = {isa = PBXBuildFile; fileRef = 53EFE84529EC934700ADA546 /* BudgetItemView.swift */; };
		53EFE84829EC935000ADA546 /* BudgetListView.swift in Sources */ = {isa = PBXBuildFile; fileRef = 53EFE84729EC935000ADA546 /* BudgetListView.swift */; };
		53EFE84B29EC938600ADA546 /* AddBudgetItemView.swift in Sources */ = {isa = PBXBuildFile; fileRef = 53EFE84A29EC938600ADA546 /* AddBudgetItemView.swift */; };
		53EFE84D29EC939F00ADA546 /* BudgetListManager.swift in Sources */ = {isa = PBXBuildFile; fileRef = 53EFE84C29EC939F00ADA546 /* BudgetListManager.swift */; };
/* End PBXBuildFile section */

/* Begin PBXContainerItemProxy section */
		53EFE81F29EC8BEA00ADA546 /* PBXContainerItemProxy */ = {
			isa = PBXContainerItemProxy;
			containerPortal = 53EFE80629EC8BE900ADA546 /* Project object */;
			proxyType = 1;
			remoteGlobalIDString = 53EFE80D29EC8BE900ADA546;
			remoteInfo = BudgetTracker;
		};
		53EFE82929EC8BEA00ADA546 /* PBXContainerItemProxy */ = {
			isa = PBXContainerItemProxy;
			containerPortal = 53EFE80629EC8BE900ADA546 /* Project object */;
			proxyType = 1;
			remoteGlobalIDString = 53EFE80D29EC8BE900ADA546;
			remoteInfo = BudgetTracker;
		};
/* End PBXContainerItemProxy section */

/* Begin PBXFileReference section */
		536D7CF629ECD195001FE9F9 /* ItemFrequency.swift */ = {isa = PBXFileReference; fileEncoding = 4; lastKnownFileType = sourcecode.swift; name = ItemFrequency.swift; path = BudgetTracker/Util/ItemFrequency.swift; sourceTree = SOURCE_ROOT; };
		536D7CFA29EDB2F1001FE9F9 /* MainView.swift */ = {isa = PBXFileReference; lastKnownFileType = sourcecode.swift; path = MainView.swift; sourceTree = "<group>"; };
		539E867729EDC75100782673 /* BudgetItemViewModel.swift */ = {isa = PBXFileReference; lastKnownFileType = sourcecode.swift; path = BudgetItemViewModel.swift; sourceTree = "<group>"; };
		539E867B29EDECA600782673 /* UpdateBudgetItemView.swift */ = {isa = PBXFileReference; lastKnownFileType = sourcecode.swift; path = UpdateBudgetItemView.swift; sourceTree = "<group>"; };
		539E867E29EDF6C200782673 /* BudgetListService.swift */ = {isa = PBXFileReference; lastKnownFileType = sourcecode.swift; path = BudgetListService.swift; sourceTree = "<group>"; };
		53EFE80E29EC8BE900ADA546 /* BudgetTracker.app */ = {isa = PBXFileReference; explicitFileType = wrapper.application; includeInIndex = 0; path = BudgetTracker.app; sourceTree = BUILT_PRODUCTS_DIR; };
		53EFE81129EC8BE900ADA546 /* BudgetTrackerApp.swift */ = {isa = PBXFileReference; lastKnownFileType = sourcecode.swift; path = BudgetTrackerApp.swift; sourceTree = "<group>"; };
		53EFE81529EC8BE900ADA546 /* Assets.xcassets */ = {isa = PBXFileReference; lastKnownFileType = folder.assetcatalog; path = Assets.xcassets; sourceTree = "<group>"; };
		53EFE81829EC8BE900ADA546 /* Preview Assets.xcassets */ = {isa = PBXFileReference; lastKnownFileType = folder.assetcatalog; path = "Preview Assets.xcassets"; sourceTree = "<group>"; };
		53EFE81E29EC8BEA00ADA546 /* BudgetTrackerTests.xctest */ = {isa = PBXFileReference; explicitFileType = wrapper.cfbundle; includeInIndex = 0; path = BudgetTrackerTests.xctest; sourceTree = BUILT_PRODUCTS_DIR; };
		53EFE82229EC8BEA00ADA546 /* BudgetTrackerTests.swift */ = {isa = PBXFileReference; lastKnownFileType = sourcecode.swift; path = BudgetTrackerTests.swift; sourceTree = "<group>"; };
		53EFE82829EC8BEA00ADA546 /* BudgetTrackerUITests.xctest */ = {isa = PBXFileReference; explicitFileType = wrapper.cfbundle; includeInIndex = 0; path = BudgetTrackerUITests.xctest; sourceTree = BUILT_PRODUCTS_DIR; };
		53EFE82C29EC8BEA00ADA546 /* BudgetTrackerUITests.swift */ = {isa = PBXFileReference; lastKnownFileType = sourcecode.swift; path = BudgetTrackerUITests.swift; sourceTree = "<group>"; };
		53EFE82E29EC8BEA00ADA546 /* BudgetTrackerUITestsLaunchTests.swift */ = {isa = PBXFileReference; lastKnownFileType = sourcecode.swift; path = BudgetTrackerUITestsLaunchTests.swift; sourceTree = "<group>"; };
		53EFE83B29EC8C0500ADA546 /* BudgetItem.swift */ = {isa = PBXFileReference; lastKnownFileType = sourcecode.swift; path = BudgetItem.swift; sourceTree = "<group>"; };
		53EFE83F29EC8C9100ADA546 /* ItemType.swift */ = {isa = PBXFileReference; lastKnownFileType = sourcecode.swift; path = ItemType.swift; sourceTree = "<group>"; };
		53EFE84529EC934700ADA546 /* BudgetItemView.swift */ = {isa = PBXFileReference; lastKnownFileType = sourcecode.swift; path = BudgetItemView.swift; sourceTree = "<group>"; };
		53EFE84729EC935000ADA546 /* BudgetListView.swift */ = {isa = PBXFileReference; lastKnownFileType = sourcecode.swift; path = BudgetListView.swift; sourceTree = "<group>"; };
		53EFE84A29EC938600ADA546 /* AddBudgetItemView.swift */ = {isa = PBXFileReference; lastKnownFileType = sourcecode.swift; path = AddBudgetItemView.swift; sourceTree = "<group>"; };
		53EFE84C29EC939F00ADA546 /* BudgetListManager.swift */ = {isa = PBXFileReference; lastKnownFileType = sourcecode.swift; path = BudgetListManager.swift; sourceTree = "<group>"; };
/* End PBXFileReference section */

/* Begin PBXFrameworksBuildPhase section */
		53EFE80B29EC8BE900ADA546 /* Frameworks */ = {
			isa = PBXFrameworksBuildPhase;
			buildActionMask = 2147483647;
			files = (
			);
			runOnlyForDeploymentPostprocessing = 0;
		};
		53EFE81B29EC8BEA00ADA546 /* Frameworks */ = {
			isa = PBXFrameworksBuildPhase;
			buildActionMask = 2147483647;
			files = (
			);
			runOnlyForDeploymentPostprocessing = 0;
		};
		53EFE82529EC8BEA00ADA546 /* Frameworks */ = {
			isa = PBXFrameworksBuildPhase;
			buildActionMask = 2147483647;
			files = (
			);
			runOnlyForDeploymentPostprocessing = 0;
		};
/* End PBXFrameworksBuildPhase section */

/* Begin PBXGroup section */
		539E867929EDEC6600782673 /* AddBudgetItem */ = {
			isa = PBXGroup;
			children = (
				53EFE84A29EC938600ADA546 /* AddBudgetItemView.swift */,
			);
			path = AddBudgetItem;
			sourceTree = "<group>";
		};
		539E867A29EDEC7C00782673 /* UpdateBudgetItem */ = {
			isa = PBXGroup;
			children = (
				539E867B29EDECA600782673 /* UpdateBudgetItemView.swift */,
			);
			path = UpdateBudgetItem;
			sourceTree = "<group>";
		};
		539E867D29EDF69C00782673 /* API */ = {
			isa = PBXGroup;
			children = (
				539E867E29EDF6C200782673 /* BudgetListService.swift */,
			);
			path = API;
			sourceTree = "<group>";
		};
		53EFE80529EC8BE900ADA546 = {
			isa = PBXGroup;
			children = (
				53EFE81029EC8BE900ADA546 /* BudgetTracker */,
				53EFE82129EC8BEA00ADA546 /* BudgetTrackerTests */,
				53EFE82B29EC8BEA00ADA546 /* BudgetTrackerUITests */,
				53EFE80F29EC8BE900ADA546 /* Products */,
			);
			sourceTree = "<group>";
		};
		53EFE80F29EC8BE900ADA546 /* Products */ = {
			isa = PBXGroup;
			children = (
				53EFE80E29EC8BE900ADA546 /* BudgetTracker.app */,
				53EFE81E29EC8BEA00ADA546 /* BudgetTrackerTests.xctest */,
				53EFE82829EC8BEA00ADA546 /* BudgetTrackerUITests.xctest */,
			);
			name = Products;
			sourceTree = "<group>";
		};
		53EFE81029EC8BE900ADA546 /* BudgetTracker */ = {
			isa = PBXGroup;
			children = (
				53EFE81129EC8BE900ADA546 /* BudgetTrackerApp.swift */,
				539E867D29EDF69C00782673 /* API */,
				53EFE84329EC931800ADA546 /* Views */,
				53EFE83E29EC8C7400ADA546 /* Util */,
				53EFE83D29EC8C1100ADA546 /* Model */,
				53EFE81529EC8BE900ADA546 /* Assets.xcassets */,
				53EFE81729EC8BE900ADA546 /* Preview Content */,
			);
			path = BudgetTracker;
			sourceTree = "<group>";
		};
		53EFE81729EC8BE900ADA546 /* Preview Content */ = {
			isa = PBXGroup;
			children = (
				53EFE81829EC8BE900ADA546 /* Preview Assets.xcassets */,
			);
			path = "Preview Content";
			sourceTree = "<group>";
		};
		53EFE82129EC8BEA00ADA546 /* BudgetTrackerTests */ = {
			isa = PBXGroup;
			children = (
				53EFE82229EC8BEA00ADA546 /* BudgetTrackerTests.swift */,
			);
			path = BudgetTrackerTests;
			sourceTree = "<group>";
		};
		53EFE82B29EC8BEA00ADA546 /* BudgetTrackerUITests */ = {
			isa = PBXGroup;
			children = (
				53EFE82C29EC8BEA00ADA546 /* BudgetTrackerUITests.swift */,
				53EFE82E29EC8BEA00ADA546 /* BudgetTrackerUITestsLaunchTests.swift */,
			);
			path = BudgetTrackerUITests;
			sourceTree = "<group>";
		};
		53EFE83D29EC8C1100ADA546 /* Model */ = {
			isa = PBXGroup;
			children = (
				53EFE83B29EC8C0500ADA546 /* BudgetItem.swift */,
			);
			path = Model;
			sourceTree = "<group>";
		};
		53EFE83E29EC8C7400ADA546 /* Util */ = {
			isa = PBXGroup;
			children = (
				536D7CF629ECD195001FE9F9 /* ItemFrequency.swift */,
				53EFE83F29EC8C9100ADA546 /* ItemType.swift */,
			);
			path = Util;
			sourceTree = "<group>";
		};
		53EFE84329EC931800ADA546 /* Views */ = {
			isa = PBXGroup;
			children = (
				53EFE84E29EC93B200ADA546 /* BudgetList */,
				53EFE84929EC937300ADA546 /* BudgetItem */,
				536D7CFA29EDB2F1001FE9F9 /* MainView.swift */,
			);
			path = Views;
			sourceTree = "<group>";
		};
		53EFE84929EC937300ADA546 /* BudgetItem */ = {
			isa = PBXGroup;
			children = (
				53EFE84529EC934700ADA546 /* BudgetItemView.swift */,
				539E867729EDC75100782673 /* BudgetItemViewModel.swift */,
				539E867A29EDEC7C00782673 /* UpdateBudgetItem */,
				539E867929EDEC6600782673 /* AddBudgetItem */,
			);
			path = BudgetItem;
			sourceTree = "<group>";
		};
		53EFE84E29EC93B200ADA546 /* BudgetList */ = {
			isa = PBXGroup;
			children = (
				53EFE84729EC935000ADA546 /* BudgetListView.swift */,
				53EFE84C29EC939F00ADA546 /* BudgetListManager.swift */,
			);
			path = BudgetList;
			sourceTree = "<group>";
		};
/* End PBXGroup section */

/* Begin PBXNativeTarget section */
		53EFE80D29EC8BE900ADA546 /* BudgetTracker */ = {
			isa = PBXNativeTarget;
			buildConfigurationList = 53EFE83229EC8BEA00ADA546 /* Build configuration list for PBXNativeTarget "BudgetTracker" */;
			buildPhases = (
				53EFE80A29EC8BE900ADA546 /* Sources */,
				53EFE80B29EC8BE900ADA546 /* Frameworks */,
				53EFE80C29EC8BE900ADA546 /* Resources */,
			);
			buildRules = (
			);
			dependencies = (
			);
			name = BudgetTracker;
			productName = BudgetTracker;
			productReference = 53EFE80E29EC8BE900ADA546 /* BudgetTracker.app */;
			productType = "com.apple.product-type.application";
		};
		53EFE81D29EC8BEA00ADA546 /* BudgetTrackerTests */ = {
			isa = PBXNativeTarget;
			buildConfigurationList = 53EFE83529EC8BEA00ADA546 /* Build configuration list for PBXNativeTarget "BudgetTrackerTests" */;
			buildPhases = (
				53EFE81A29EC8BEA00ADA546 /* Sources */,
				53EFE81B29EC8BEA00ADA546 /* Frameworks */,
				53EFE81C29EC8BEA00ADA546 /* Resources */,
			);
			buildRules = (
			);
			dependencies = (
				53EFE82029EC8BEA00ADA546 /* PBXTargetDependency */,
			);
			name = BudgetTrackerTests;
			productName = BudgetTrackerTests;
			productReference = 53EFE81E29EC8BEA00ADA546 /* BudgetTrackerTests.xctest */;
			productType = "com.apple.product-type.bundle.unit-test";
		};
		53EFE82729EC8BEA00ADA546 /* BudgetTrackerUITests */ = {
			isa = PBXNativeTarget;
			buildConfigurationList = 53EFE83829EC8BEA00ADA546 /* Build configuration list for PBXNativeTarget "BudgetTrackerUITests" */;
			buildPhases = (
				53EFE82429EC8BEA00ADA546 /* Sources */,
				53EFE82529EC8BEA00ADA546 /* Frameworks */,
				53EFE82629EC8BEA00ADA546 /* Resources */,
			);
			buildRules = (
			);
			dependencies = (
				53EFE82A29EC8BEA00ADA546 /* PBXTargetDependency */,
			);
			name = BudgetTrackerUITests;
			productName = BudgetTrackerUITests;
			productReference = 53EFE82829EC8BEA00ADA546 /* BudgetTrackerUITests.xctest */;
			productType = "com.apple.product-type.bundle.ui-testing";
		};
/* End PBXNativeTarget section */

/* Begin PBXProject section */
		53EFE80629EC8BE900ADA546 /* Project object */ = {
			isa = PBXProject;
			attributes = {
				BuildIndependentTargetsInParallel = 1;
				LastSwiftUpdateCheck = 1430;
				LastUpgradeCheck = 1430;
				TargetAttributes = {
					53EFE80D29EC8BE900ADA546 = {
						CreatedOnToolsVersion = 14.3;
					};
					53EFE81D29EC8BEA00ADA546 = {
						CreatedOnToolsVersion = 14.3;
						TestTargetID = 53EFE80D29EC8BE900ADA546;
					};
					53EFE82729EC8BEA00ADA546 = {
						CreatedOnToolsVersion = 14.3;
						TestTargetID = 53EFE80D29EC8BE900ADA546;
					};
				};
			};
			buildConfigurationList = 53EFE80929EC8BE900ADA546 /* Build configuration list for PBXProject "BudgetTracker" */;
			compatibilityVersion = "Xcode 14.0";
			developmentRegion = en;
			hasScannedForEncodings = 0;
			knownRegions = (
				en,
				Base,
			);
			mainGroup = 53EFE80529EC8BE900ADA546;
			productRefGroup = 53EFE80F29EC8BE900ADA546 /* Products */;
			projectDirPath = "";
			projectRoot = "";
			targets = (
				53EFE80D29EC8BE900ADA546 /* BudgetTracker */,
				53EFE81D29EC8BEA00ADA546 /* BudgetTrackerTests */,
				53EFE82729EC8BEA00ADA546 /* BudgetTrackerUITests */,
			);
		};
/* End PBXProject section */

/* Begin PBXResourcesBuildPhase section */
		53EFE80C29EC8BE900ADA546 /* Resources */ = {
			isa = PBXResourcesBuildPhase;
			buildActionMask = 2147483647;
			files = (
				53EFE81929EC8BE900ADA546 /* Preview Assets.xcassets in Resources */,
				53EFE81629EC8BE900ADA546 /* Assets.xcassets in Resources */,
			);
			runOnlyForDeploymentPostprocessing = 0;
		};
		53EFE81C29EC8BEA00ADA546 /* Resources */ = {
			isa = PBXResourcesBuildPhase;
			buildActionMask = 2147483647;
			files = (
			);
			runOnlyForDeploymentPostprocessing = 0;
		};
		53EFE82629EC8BEA00ADA546 /* Resources */ = {
			isa = PBXResourcesBuildPhase;
			buildActionMask = 2147483647;
			files = (
			);
			runOnlyForDeploymentPostprocessing = 0;
		};
/* End PBXResourcesBuildPhase section */

/* Begin PBXSourcesBuildPhase section */
		53EFE80A29EC8BE900ADA546 /* Sources */ = {
			isa = PBXSourcesBuildPhase;
			buildActionMask = 2147483647;
			files = (
				53EFE84B29EC938600ADA546 /* AddBudgetItemView.swift in Sources */,
				536D7CF729ECD195001FE9F9 /* ItemFrequency.swift in Sources */,
				539E867F29EDF6C200782673 /* BudgetListService.swift in Sources */,
				539E867C29EDECA600782673 /* UpdateBudgetItemView.swift in Sources */,
				53EFE84629EC934700ADA546 /* BudgetItemView.swift in Sources */,
				53EFE83C29EC8C0500ADA546 /* BudgetItem.swift in Sources */,
				53EFE84D29EC939F00ADA546 /* BudgetListManager.swift in Sources */,
				539E867829EDC75100782673 /* BudgetItemViewModel.swift in Sources */,
				53EFE84829EC935000ADA546 /* BudgetListView.swift in Sources */,
				536D7CFB29EDB2F1001FE9F9 /* MainView.swift in Sources */,
				53EFE84029EC8C9100ADA546 /* ItemType.swift in Sources */,
				53EFE81229EC8BE900ADA546 /* BudgetTrackerApp.swift in Sources */,
			);
			runOnlyForDeploymentPostprocessing = 0;
		};
		53EFE81A29EC8BEA00ADA546 /* Sources */ = {
			isa = PBXSourcesBuildPhase;
			buildActionMask = 2147483647;
			files = (
				53EFE82329EC8BEA00ADA546 /* BudgetTrackerTests.swift in Sources */,
			);
			runOnlyForDeploymentPostprocessing = 0;
		};
		53EFE82429EC8BEA00ADA546 /* Sources */ = {
			isa = PBXSourcesBuildPhase;
			buildActionMask = 2147483647;
			files = (
				53EFE82F29EC8BEA00ADA546 /* BudgetTrackerUITestsLaunchTests.swift in Sources */,
				53EFE82D29EC8BEA00ADA546 /* BudgetTrackerUITests.swift in Sources */,
			);
			runOnlyForDeploymentPostprocessing = 0;
		};
/* End PBXSourcesBuildPhase section */

/* Begin PBXTargetDependency section */
		53EFE82029EC8BEA00ADA546 /* PBXTargetDependency */ = {
			isa = PBXTargetDependency;
			target = 53EFE80D29EC8BE900ADA546 /* BudgetTracker */;
			targetProxy = 53EFE81F29EC8BEA00ADA546 /* PBXContainerItemProxy */;
		};
		53EFE82A29EC8BEA00ADA546 /* PBXTargetDependency */ = {
			isa = PBXTargetDependency;
			target = 53EFE80D29EC8BE900ADA546 /* BudgetTracker */;
			targetProxy = 53EFE82929EC8BEA00ADA546 /* PBXContainerItemProxy */;
		};
/* End PBXTargetDependency section */

/* Begin XCBuildConfiguration section */
		53EFE83029EC8BEA00ADA546 /* Debug */ = {
			isa = XCBuildConfiguration;
			buildSettings = {
				ALWAYS_SEARCH_USER_PATHS = NO;
				CLANG_ANALYZER_NONNULL = YES;
				CLANG_ANALYZER_NUMBER_OBJECT_CONVERSION = YES_AGGRESSIVE;
				CLANG_CXX_LANGUAGE_STANDARD = "gnu++20";
				CLANG_ENABLE_MODULES = YES;
				CLANG_ENABLE_OBJC_ARC = YES;
				CLANG_ENABLE_OBJC_WEAK = YES;
				CLANG_WARN_BLOCK_CAPTURE_AUTORELEASING = YES;
				CLANG_WARN_BOOL_CONVERSION = YES;
				CLANG_WARN_COMMA = YES;
				CLANG_WARN_CONSTANT_CONVERSION = YES;
				CLANG_WARN_DEPRECATED_OBJC_IMPLEMENTATIONS = YES;
				CLANG_WARN_DIRECT_OBJC_ISA_USAGE = YES_ERROR;
				CLANG_WARN_DOCUMENTATION_COMMENTS = YES;
				CLANG_WARN_EMPTY_BODY = YES;
				CLANG_WARN_ENUM_CONVERSION = YES;
				CLANG_WARN_INFINITE_RECURSION = YES;
				CLANG_WARN_INT_CONVERSION = YES;
				CLANG_WARN_NON_LITERAL_NULL_CONVERSION = YES;
				CLANG_WARN_OBJC_IMPLICIT_RETAIN_SELF = YES;
				CLANG_WARN_OBJC_LITERAL_CONVERSION = YES;
				CLANG_WARN_OBJC_ROOT_CLASS = YES_ERROR;
				CLANG_WARN_QUOTED_INCLUDE_IN_FRAMEWORK_HEADER = YES;
				CLANG_WARN_RANGE_LOOP_ANALYSIS = YES;
				CLANG_WARN_STRICT_PROTOTYPES = YES;
				CLANG_WARN_SUSPICIOUS_MOVE = YES;
				CLANG_WARN_UNGUARDED_AVAILABILITY = YES_AGGRESSIVE;
				CLANG_WARN_UNREACHABLE_CODE = YES;
				CLANG_WARN__DUPLICATE_METHOD_MATCH = YES;
				COPY_PHASE_STRIP = NO;
				DEBUG_INFORMATION_FORMAT = dwarf;
				ENABLE_STRICT_OBJC_MSGSEND = YES;
				ENABLE_TESTABILITY = YES;
				GCC_C_LANGUAGE_STANDARD = gnu11;
				GCC_DYNAMIC_NO_PIC = NO;
				GCC_NO_COMMON_BLOCKS = YES;
				GCC_OPTIMIZATION_LEVEL = 0;
				GCC_PREPROCESSOR_DEFINITIONS = (
					"DEBUG=1",
					"$(inherited)",
				);
				GCC_WARN_64_TO_32_BIT_CONVERSION = YES;
				GCC_WARN_ABOUT_RETURN_TYPE = YES_ERROR;
				GCC_WARN_UNDECLARED_SELECTOR = YES;
				GCC_WARN_UNINITIALIZED_AUTOS = YES_AGGRESSIVE;
				GCC_WARN_UNUSED_FUNCTION = YES;
				GCC_WARN_UNUSED_VARIABLE = YES;
				IPHONEOS_DEPLOYMENT_TARGET = 16.4;
				MTL_ENABLE_DEBUG_INFO = INCLUDE_SOURCE;
				MTL_FAST_MATH = YES;
				ONLY_ACTIVE_ARCH = YES;
				SDKROOT = iphoneos;
				SWIFT_ACTIVE_COMPILATION_CONDITIONS = DEBUG;
				SWIFT_OPTIMIZATION_LEVEL = "-Onone";
			};
			name = Debug;
		};
		53EFE83129EC8BEA00ADA546 /* Release */ = {
			isa = XCBuildConfiguration;
			buildSettings = {
				ALWAYS_SEARCH_USER_PATHS = NO;
				CLANG_ANALYZER_NONNULL = YES;
				CLANG_ANALYZER_NUMBER_OBJECT_CONVERSION = YES_AGGRESSIVE;
				CLANG_CXX_LANGUAGE_STANDARD = "gnu++20";
				CLANG_ENABLE_MODULES = YES;
				CLANG_ENABLE_OBJC_ARC = YES;
				CLANG_ENABLE_OBJC_WEAK = YES;
				CLANG_WARN_BLOCK_CAPTURE_AUTORELEASING = YES;
				CLANG_WARN_BOOL_CONVERSION = YES;
				CLANG_WARN_COMMA = YES;
				CLANG_WARN_CONSTANT_CONVERSION = YES;
				CLANG_WARN_DEPRECATED_OBJC_IMPLEMENTATIONS = YES;
				CLANG_WARN_DIRECT_OBJC_ISA_USAGE = YES_ERROR;
				CLANG_WARN_DOCUMENTATION_COMMENTS = YES;
				CLANG_WARN_EMPTY_BODY = YES;
				CLANG_WARN_ENUM_CONVERSION = YES;
				CLANG_WARN_INFINITE_RECURSION = YES;
				CLANG_WARN_INT_CONVERSION = YES;
				CLANG_WARN_NON_LITERAL_NULL_CONVERSION = YES;
				CLANG_WARN_OBJC_IMPLICIT_RETAIN_SELF = YES;
				CLANG_WARN_OBJC_LITERAL_CONVERSION = YES;
				CLANG_WARN_OBJC_ROOT_CLASS = YES_ERROR;
				CLANG_WARN_QUOTED_INCLUDE_IN_FRAMEWORK_HEADER = YES;
				CLANG_WARN_RANGE_LOOP_ANALYSIS = YES;
				CLANG_WARN_STRICT_PROTOTYPES = YES;
				CLANG_WARN_SUSPICIOUS_MOVE = YES;
				CLANG_WARN_UNGUARDED_AVAILABILITY = YES_AGGRESSIVE;
				CLANG_WARN_UNREACHABLE_CODE = YES;
				CLANG_WARN__DUPLICATE_METHOD_MATCH = YES;
				COPY_PHASE_STRIP = NO;
				DEBUG_INFORMATION_FORMAT = "dwarf-with-dsym";
				ENABLE_NS_ASSERTIONS = NO;
				ENABLE_STRICT_OBJC_MSGSEND = YES;
				GCC_C_LANGUAGE_STANDARD = gnu11;
				GCC_NO_COMMON_BLOCKS = YES;
				GCC_WARN_64_TO_32_BIT_CONVERSION = YES;
				GCC_WARN_ABOUT_RETURN_TYPE = YES_ERROR;
				GCC_WARN_UNDECLARED_SELECTOR = YES;
				GCC_WARN_UNINITIALIZED_AUTOS = YES_AGGRESSIVE;
				GCC_WARN_UNUSED_FUNCTION = YES;
				GCC_WARN_UNUSED_VARIABLE = YES;
				IPHONEOS_DEPLOYMENT_TARGET = 16.4;
				MTL_ENABLE_DEBUG_INFO = NO;
				MTL_FAST_MATH = YES;
				SDKROOT = iphoneos;
				SWIFT_COMPILATION_MODE = wholemodule;
				SWIFT_OPTIMIZATION_LEVEL = "-O";
				VALIDATE_PRODUCT = YES;
			};
			name = Release;
		};
		53EFE83329EC8BEA00ADA546 /* Debug */ = {
			isa = XCBuildConfiguration;
			buildSettings = {
				ASSETCATALOG_COMPILER_APPICON_NAME = AppIcon;
				ASSETCATALOG_COMPILER_GLOBAL_ACCENT_COLOR_NAME = AccentColor;
				CODE_SIGN_STYLE = Automatic;
				CURRENT_PROJECT_VERSION = 1;
				DEVELOPMENT_ASSET_PATHS = "\"BudgetTracker/Preview Content\"";
				DEVELOPMENT_TEAM = GBJ8M2P2VU;
				ENABLE_PREVIEWS = YES;
				GENERATE_INFOPLIST_FILE = YES;
				INFOPLIST_KEY_UIApplicationSceneManifest_Generation = YES;
				INFOPLIST_KEY_UIApplicationSupportsIndirectInputEvents = YES;
				INFOPLIST_KEY_UILaunchScreen_Generation = YES;
				INFOPLIST_KEY_UISupportedInterfaceOrientations_iPad = "UIInterfaceOrientationPortrait UIInterfaceOrientationPortraitUpsideDown UIInterfaceOrientationLandscapeLeft UIInterfaceOrientationLandscapeRight";
				INFOPLIST_KEY_UISupportedInterfaceOrientations_iPhone = "UIInterfaceOrientationPortrait UIInterfaceOrientationLandscapeLeft UIInterfaceOrientationLandscapeRight";
				LD_RUNPATH_SEARCH_PATHS = (
					"$(inherited)",
					"@executable_path/Frameworks",
				);
				MARKETING_VERSION = 1.0;
				PRODUCT_BUNDLE_IDENTIFIER = com.sam.siamon.BudgetTracker;
				PRODUCT_NAME = "$(TARGET_NAME)";
				SWIFT_EMIT_LOC_STRINGS = YES;
				SWIFT_VERSION = 5.0;
				TARGETED_DEVICE_FAMILY = "1,2";
			};
			name = Debug;
		};
		53EFE83429EC8BEA00ADA546 /* Release */ = {
			isa = XCBuildConfiguration;
			buildSettings = {
				ASSETCATALOG_COMPILER_APPICON_NAME = AppIcon;
				ASSETCATALOG_COMPILER_GLOBAL_ACCENT_COLOR_NAME = AccentColor;
				CODE_SIGN_STYLE = Automatic;
				CURRENT_PROJECT_VERSION = 1;
				DEVELOPMENT_ASSET_PATHS = "\"BudgetTracker/Preview Content\"";
				DEVELOPMENT_TEAM = GBJ8M2P2VU;
				ENABLE_PREVIEWS = YES;
				GENERATE_INFOPLIST_FILE = YES;
				INFOPLIST_KEY_UIApplicationSceneManifest_Generation = YES;
				INFOPLIST_KEY_UIApplicationSupportsIndirectInputEvents = YES;
				INFOPLIST_KEY_UILaunchScreen_Generation = YES;
				INFOPLIST_KEY_UISupportedInterfaceOrientations_iPad = "UIInterfaceOrientationPortrait UIInterfaceOrientationPortraitUpsideDown UIInterfaceOrientationLandscapeLeft UIInterfaceOrientationLandscapeRight";
				INFOPLIST_KEY_UISupportedInterfaceOrientations_iPhone = "UIInterfaceOrientationPortrait UIInterfaceOrientationLandscapeLeft UIInterfaceOrientationLandscapeRight";
				LD_RUNPATH_SEARCH_PATHS = (
					"$(inherited)",
					"@executable_path/Frameworks",
				);
				MARKETING_VERSION = 1.0;
				PRODUCT_BUNDLE_IDENTIFIER = com.sam.siamon.BudgetTracker;
				PRODUCT_NAME = "$(TARGET_NAME)";
				SWIFT_EMIT_LOC_STRINGS = YES;
				SWIFT_VERSION = 5.0;
				TARGETED_DEVICE_FAMILY = "1,2";
			};
			name = Release;
		};
		53EFE83629EC8BEA00ADA546 /* Debug */ = {
			isa = XCBuildConfiguration;
			buildSettings = {
				ALWAYS_EMBED_SWIFT_STANDARD_LIBRARIES = YES;
				BUNDLE_LOADER = "$(TEST_HOST)";
				CODE_SIGN_STYLE = Automatic;
				CURRENT_PROJECT_VERSION = 1;
				DEVELOPMENT_TEAM = GBJ8M2P2VU;
				GENERATE_INFOPLIST_FILE = YES;
				IPHONEOS_DEPLOYMENT_TARGET = 16.4;
				MARKETING_VERSION = 1.0;
				PRODUCT_BUNDLE_IDENTIFIER = com.sam.siamon.BudgetTrackerTests;
				PRODUCT_NAME = "$(TARGET_NAME)";
				SWIFT_EMIT_LOC_STRINGS = NO;
				SWIFT_VERSION = 5.0;
				TARGETED_DEVICE_FAMILY = "1,2";
				TEST_HOST = "$(BUILT_PRODUCTS_DIR)/BudgetTracker.app/$(BUNDLE_EXECUTABLE_FOLDER_PATH)/BudgetTracker";
			};
			name = Debug;
		};
		53EFE83729EC8BEA00ADA546 /* Release */ = {
			isa = XCBuildConfiguration;
			buildSettings = {
				ALWAYS_EMBED_SWIFT_STANDARD_LIBRARIES = YES;
				BUNDLE_LOADER = "$(TEST_HOST)";
				CODE_SIGN_STYLE = Automatic;
				CURRENT_PROJECT_VERSION = 1;
				DEVELOPMENT_TEAM = GBJ8M2P2VU;
				GENERATE_INFOPLIST_FILE = YES;
				IPHONEOS_DEPLOYMENT_TARGET = 16.4;
				MARKETING_VERSION = 1.0;
				PRODUCT_BUNDLE_IDENTIFIER = com.sam.siamon.BudgetTrackerTests;
				PRODUCT_NAME = "$(TARGET_NAME)";
				SWIFT_EMIT_LOC_STRINGS = NO;
				SWIFT_VERSION = 5.0;
				TARGETED_DEVICE_FAMILY = "1,2";
				TEST_HOST = "$(BUILT_PRODUCTS_DIR)/BudgetTracker.app/$(BUNDLE_EXECUTABLE_FOLDER_PATH)/BudgetTracker";
			};
			name = Release;
		};
		53EFE83929EC8BEA00ADA546 /* Debug */ = {
			isa = XCBuildConfiguration;
			buildSettings = {
				ALWAYS_EMBED_SWIFT_STANDARD_LIBRARIES = YES;
				CODE_SIGN_STYLE = Automatic;
				CURRENT_PROJECT_VERSION = 1;
				DEVELOPMENT_TEAM = GBJ8M2P2VU;
				GENERATE_INFOPLIST_FILE = YES;
				MARKETING_VERSION = 1.0;
				PRODUCT_BUNDLE_IDENTIFIER = com.sam.siamon.BudgetTrackerUITests;
				PRODUCT_NAME = "$(TARGET_NAME)";
				SWIFT_EMIT_LOC_STRINGS = NO;
				SWIFT_VERSION = 5.0;
				TARGETED_DEVICE_FAMILY = "1,2";
				TEST_TARGET_NAME = BudgetTracker;
			};
			name = Debug;
		};
		53EFE83A29EC8BEA00ADA546 /* Release */ = {
			isa = XCBuildConfiguration;
			buildSettings = {
				ALWAYS_EMBED_SWIFT_STANDARD_LIBRARIES = YES;
				CODE_SIGN_STYLE = Automatic;
				CURRENT_PROJECT_VERSION = 1;
				DEVELOPMENT_TEAM = GBJ8M2P2VU;
				GENERATE_INFOPLIST_FILE = YES;
				MARKETING_VERSION = 1.0;
				PRODUCT_BUNDLE_IDENTIFIER = com.sam.siamon.BudgetTrackerUITests;
				PRODUCT_NAME = "$(TARGET_NAME)";
				SWIFT_EMIT_LOC_STRINGS = NO;
				SWIFT_VERSION = 5.0;
				TARGETED_DEVICE_FAMILY = "1,2";
				TEST_TARGET_NAME = BudgetTracker;
			};
			name = Release;
		};
/* End XCBuildConfiguration section */

/* Begin XCConfigurationList section */
		53EFE80929EC8BE900ADA546 /* Build configuration list for PBXProject "BudgetTracker" */ = {
			isa = XCConfigurationList;
			buildConfigurations = (
				53EFE83029EC8BEA00ADA546 /* Debug */,
				53EFE83129EC8BEA00ADA546 /* Release */,
			);
			defaultConfigurationIsVisible = 0;
			defaultConfigurationName = Release;
		};
		53EFE83229EC8BEA00ADA546 /* Build configuration list for PBXNativeTarget "BudgetTracker" */ = {
			isa = XCConfigurationList;
			buildConfigurations = (
				53EFE83329EC8BEA00ADA546 /* Debug */,
				53EFE83429EC8BEA00ADA546 /* Release */,
			);
			defaultConfigurationIsVisible = 0;
			defaultConfigurationName = Release;
		};
		53EFE83529EC8BEA00ADA546 /* Build configuration list for PBXNativeTarget "BudgetTrackerTests" */ = {
			isa = XCConfigurationList;
			buildConfigurations = (
				53EFE83629EC8BEA00ADA546 /* Debug */,
				53EFE83729EC8BEA00ADA546 /* Release */,
			);
			defaultConfigurationIsVisible = 0;
			defaultConfigurationName = Release;
		};
		53EFE83829EC8BEA00ADA546 /* Build configuration list for PBXNativeTarget "BudgetTrackerUITests" */ = {
			isa = XCConfigurationList;
			buildConfigurations = (
				53EFE83929EC8BEA00ADA546 /* Debug */,
				53EFE83A29EC8BEA00ADA546 /* Release */,
			);
			defaultConfigurationIsVisible = 0;
			defaultConfigurationName = Release;
		};
/* End XCConfigurationList section */
	};
	rootObject = 53EFE80629EC8BE900ADA546 /* Project object */;
}
